
Microsoft Visual Studio Solution File, Format Version 12.00
# Visual Studio Version 17
VisualStudioVersion = 17.12.35527.113 d17.12
MinimumVisualStudioVersion = 10.0.40219.1
Project("{FAE04EC0-301F-11D3-BF4B-00C04F79EFBC}") = "Solidsoft.Reply.Gs1DigitalLinkLib", "src\Solidsoft.Reply.Gs1DigitalLinkLib.csproj", "{F7879D07-6B63-4867-87F4-CADC3DFB4FB0}"
EndProject
Project("{FAE04EC0-301F-11D3-BF4B-00C04F79EFBC}") = "Gs1DigitalLinkToolkitTests", "Tests\Gs1DigitalLinkToolkitTests.csproj", "{EEEE9B9A-A55A-4680-AB0E-0C345C79EC8F}"
EndProject
Global
	GlobalSection(SolutionConfigurationPlatforms) = preSolution
		Debug|Any CPU = Debug|Any CPU
		Release|Any CPU = Release|Any CPU
	EndGlobalSection
	GlobalSection(ProjectConfigurationPlatforms) = postSolution
		{F7879D07-6B63-4867-87F4-CADC3DFB4FB0}.Debug|Any CPU.ActiveCfg = Debug|Any CPU
		{F7879D07-6B63-4867-87F4-CADC3DFB4FB0}.Debug|Any CPU.Build.0 = Debug|Any CPU
		{F7879D07-6B63-4867-87F4-CADC3DFB4FB0}.Release|Any CPU.ActiveCfg = Release|Any CPU
		{F7879D07-6B63-4867-87F4-CADC3DFB4FB0}.Release|Any CPU.Build.0 = Release|Any CPU
		{EEEE9B9A-A55A-4680-AB0E-0C345C79EC8F}.Debug|Any CPU.ActiveCfg = Debug|Any CPU
		{EEEE9B9A-A55A-4680-AB0E-0C345C79EC8F}.Debug|Any CPU.Build.0 = Debug|Any CPU
		{EEEE9B9A-A55A-4680-AB0E-0C345C79EC8F}.Release|Any CPU.ActiveCfg = Release|Any CPU
		{EEEE9B9A-A55A-4680-AB0E-0C345C79EC8F}.Release|Any CPU.Build.0 = Release|Any CPU
	EndGlobalSection
	GlobalSection(SolutionProperties) = preSolution
		HideSolutionNode = FALSE
	EndGlobalSection
EndGlobal
